{
  "name": "ssr",
  "version": "0.1.0",
  "lockfileVersion": 1,
  "requires": true,
  "dependencies": {
    "@babel/runtime": {
      "version": "7.18.6",
      "resolved": "https://registry.npmjs.org/@babel/runtime/-/runtime-7.18.6.tgz",
      "integrity": "sha512-t9wi7/AW6XtKahAe20Yw0/mMljKq0B1r2fPdvaAdV/KPDZewFXdaaa6K7lxmZBZ8FBNpCiAT6iHPmd6QO9bKfQ==",
      "requires": {
        "regenerator-runtime": "^0.13.4"
      }
    },
    "@next/env": {
      "version": "12.2.0",
      "resolved": "https://registry.npmjs.org/@next/env/-/env-12.2.0.tgz",
      "integrity": "sha512-/FCkDpL/8SodJEXvx/DYNlOD5ijTtkozf4PPulYPtkPOJaMPpBSOkzmsta4fnrnbdH6eZjbwbiXFdr6gSQCV4w=="
    },
    "@next/swc-android-arm-eabi": {
      "version": "12.2.0",
      "resolved": "https://registry.npmjs.org/@next/swc-android-arm-eabi/-/swc-android-arm-eabi-12.2.0.tgz",
      "integrity": "sha512-hbneH8DNRB2x0Nf5fPCYoL8a0osvdTCe4pvOc9Rv5CpDsoOlf8BWBs2OWpeP0U2BktGvIsuUhmISmdYYGyrvTw==",
      "optional": true
    },
    "@next/swc-android-arm64": {
      "version": "12.2.0",
      "resolved": "https://registry.npmjs.org/@next/swc-android-arm64/-/swc-android-arm64-12.2.0.tgz",
      "integrity": "sha512-1eEk91JHjczcJomxJ8X0XaUeNcp5Lx1U2Ic7j15ouJ83oRX+3GIslOuabW2oPkSgXbHkThMClhirKpvG98kwZg==",
      "optional": true
    },
    "@next/swc-darwin-arm64": {
      "version": "12.2.0",
      "resolved": "https://registry.npmjs.org/@next/swc-darwin-arm64/-/swc-darwin-arm64-12.2.0.tgz",
      "integrity": "sha512-x5U5gJd7ZvrEtTFnBld9O2bUlX8opu7mIQUqRzj7KeWzBwPhrIzTTsQXAiNqsaMuaRPvyHBVW/5d/6g6+89Y8g==",
      "optional": true
    },
    "@next/swc-darwin-x64": {
      "version": "12.2.0",
      "resolved": "https://registry.npmjs.org/@next/swc-darwin-x64/-/swc-darwin-x64-12.2.0.tgz",
      "integrity": "sha512-iwMNFsrAPjfedjKDv9AXPAV16PWIomP3qw/FfPaxkDVRbUls7BNdofBLzkQmqxqWh93WrawLwaqyXpJuAaiwJA==",
      "optional": true
    },
    "@next/swc-freebsd-x64": {
      "version": "12.2.0",
      "resolved": "https://registry.npmjs.org/@next/swc-freebsd-x64/-/swc-freebsd-x64-12.2.0.tgz",
      "integrity": "sha512-gRiAw8g3Akf6niTDLEm1Emfa7jXDjvaAj/crDO8hKASKA4Y1fS4kbi/tyWw5VtoFI4mUzRmCPmZ8eL0tBSG58A==",
      "optional": true
    },
    "@next/swc-linux-arm-gnueabihf": {
      "version": "12.2.0",
      "resolved": "https://registry.npmjs.org/@next/swc-linux-arm-gnueabihf/-/swc-linux-arm-gnueabihf-12.2.0.tgz",
      "integrity": "sha512-/TJZkxaIpeEwnXh6A40trgwd40C5+LJroLUOEQwMOJdavLl62PjCA6dGl1pgooWLCIb5YdBQ0EG4ylzvLwS2+Q==",
      "optional": true
    },
    "@next/swc-linux-arm64-gnu": {
      "version": "12.2.0",
      "resolved": "https://registry.npmjs.org/@next/swc-linux-arm64-gnu/-/swc-linux-arm64-gnu-12.2.0.tgz",
      "integrity": "sha512-++WAB4ElXCSOKG9H8r4ENF8EaV+w0QkrpjehmryFkQXmt5juVXz+nKDVlCRMwJU7A1O0Mie82XyEoOrf6Np1pA==",
      "optional": true
    },
    "@next/swc-linux-arm64-musl": {
      "version": "12.2.0",
      "resolved": "https://registry.npmjs.org/@next/swc-linux-arm64-musl/-/swc-linux-arm64-musl-12.2.0.tgz",
      "integrity": "sha512-XrqkHi/VglEn5zs2CYK6ofJGQySrd+Lr4YdmfJ7IhsCnMKkQY1ma9Hv5THwhZVof3e+6oFHrQ9bWrw9K4WTjFA==",
      "optional": true
    },
    "@next/swc-linux-x64-gnu": {
      "version": "12.2.0",
      "resolved": "https://registry.npmjs.org/@next/swc-linux-x64-gnu/-/swc-linux-x64-gnu-12.2.0.tgz",
      "integrity": "sha512-MyhHbAKVjpn065WzRbqpLu2krj4kHLi6RITQdD1ee+uxq9r2yg5Qe02l24NxKW+1/lkmpusl4Y5Lks7rBiJn4w==",
      "optional": true
    },
    "@next/swc-linux-x64-musl": {
      "version": "12.2.0",
      "resolved": "https://registry.npmjs.org/@next/swc-linux-x64-musl/-/swc-linux-x64-musl-12.2.0.tgz",
      "integrity": "sha512-Tz1tJZ5egE0S/UqCd5V6ZPJsdSzv/8aa7FkwFmIJ9neLS8/00za+OY5pq470iZQbPrkTwpKzmfTTIPRVD5iqDg==",
      "optional": true
    },
    "@next/swc-win32-arm64-msvc": {
      "version": "12.2.0",
      "resolved": "https://registry.npmjs.org/@next/swc-win32-arm64-msvc/-/swc-win32-arm64-msvc-12.2.0.tgz",
      "integrity": "sha512-0iRO/CPMCdCYUzuH6wXLnsfJX1ykBX4emOOvH0qIgtiZM0nVYbF8lkEyY2ph4XcsurpinS+ziWuYCXVqrOSqiw==",
      "optional": true
    },
    "@next/swc-win32-ia32-msvc": {
      "version": "12.2.0",
      "resolved": "https://registry.npmjs.org/@next/swc-win32-ia32-msvc/-/swc-win32-ia32-msvc-12.2.0.tgz",
      "integrity": "sha512-8A26RJVcJHwIKm8xo/qk2ePRquJ6WCI2keV2qOW/Qm+ZXrPXHMIWPYABae/nKN243YFBNyPiHytjX37VrcpUhg==",
      "optional": true
    },
    "@next/swc-win32-x64-msvc": {
      "version": "12.2.0",
      "resolved": "https://registry.npmjs.org/@next/swc-win32-x64-msvc/-/swc-win32-x64-msvc-12.2.0.tgz",
      "integrity": "sha512-OI14ozFLThEV3ey6jE47zrzSTV/6eIMsvbwozo+XfdWqOPwQ7X00YkRx4GVMKMC0rM44oGS2gmwMKYpe4EblnA==",
      "optional": true
    },
    "@swc/helpers": {
      "version": "0.4.2",
      "resolved": "https://registry.npmjs.org/@swc/helpers/-/helpers-0.4.2.tgz",
      "integrity": "sha512-556Az0VX7WR6UdoTn4htt/l3zPQ7bsQWK+HqdG4swV7beUCxo/BqmvbOpUkTIm/9ih86LIf1qsUnywNL3obGHw==",
      "requires": {
        "tslib": "^2.4.0"
      }
    },
    "@tanem/svg-injector": {
      "version": "10.1.26",
      "resolved": "https://registry.npmjs.org/@tanem/svg-injector/-/svg-injector-10.1.26.tgz",
      "integrity": "sha512-cDpqy6w/XzfU+vs5UkFhOWhvkhNG3yNei4v4kY0CzBnP0/GqVBt1Kyh8qINvzWQiJwcpvd6RjZPOojpau5sa/g==",
      "requires": {
        "@babel/runtime": "^7.18.3",
        "content-type": "^1.0.4",
        "tslib": "^2.4.0"
      }
    },
    "@types/prop-types": {
      "version": "15.7.5",
      "resolved": "https://registry.npmjs.org/@types/prop-types/-/prop-types-15.7.5.tgz",
      "integrity": "sha512-JCB8C6SnDoQf0cNycqd/35A7MjcnK+ZTqE7judS6o7utxUCg6imJg3QK2qzHKszlTjcj2cn+NwMB2i96ubpj7w=="
    },
    "caniuse-lite": {
      "version": "1.0.30001363",
      "resolved": "https://registry.npmjs.org/caniuse-lite/-/caniuse-lite-1.0.30001363.tgz",
      "integrity": "sha512-HpQhpzTGGPVMnCjIomjt+jvyUu8vNFo3TaDiZ/RcoTrlOq/5+tC8zHdsbgFB6MxmaY+jCpsH09aD80Bb4Ow3Sg=="
    },
    "content-type": {
      "version": "1.0.4",
      "resolved": "https://registry.npmjs.org/content-type/-/content-type-1.0.4.tgz",
      "integrity": "sha512-hIP3EEPs8tB9AT1L+NUqtwOAps4mk2Zob89MWXMHjHWg9milF/j4osnnQLXBCBFBk/tvIG/tUc9mOUJiPBhPXA=="
    },
    "js-tokens": {
      "version": "4.0.0",
      "resolved": "https://registry.npmjs.org/js-tokens/-/js-tokens-4.0.0.tgz",
      "integrity": "sha512-RdJUflcE3cUzKiMqQgsCu06FPu9UdIJO0beYbPhHN4k6apgJtifcoCtT9bcxOpYBtpD2kCM6Sbzg4CausW/PKQ=="
    },
    "loose-envify": {
      "version": "1.4.0",
      "resolved": "https://registry.npmjs.org/loose-envify/-/loose-envify-1.4.0.tgz",
      "integrity": "sha512-lyuxPGr/Wfhrlem2CL/UcnUc1zcqKAImBDzukY7Y5F/yQiNdko6+fRLevlw1HgMySw7f611UIY408EtxRSoK3Q==",
      "requires": {
        "js-tokens": "^3.0.0 || ^4.0.0"
      }
    },
    "nanoid": {
      "version": "3.3.4",
      "resolved": "https://registry.npmjs.org/nanoid/-/nanoid-3.3.4.tgz",
      "integrity": "sha512-MqBkQh/OHTS2egovRtLk45wEyNXwF+cokD+1YPf9u5VfJiRdAiRwB2froX5Co9Rh20xs4siNPm8naNotSD6RBw=="
    },
    "next": {
      "version": "12.2.0",
      "resolved": "https://registry.npmjs.org/next/-/next-12.2.0.tgz",
      "integrity": "sha512-B4j7D3SHYopLYx6/Ark0fenwIar9tEaZZFAaxmKjgcMMexhVJzB3jt7X+6wcdXPPMeUD6r09weUtnDpjox/vIA==",
      "requires": {
        "@next/env": "12.2.0",
        "@next/swc-android-arm-eabi": "12.2.0",
        "@next/swc-android-arm64": "12.2.0",
        "@next/swc-darwin-arm64": "12.2.0",
        "@next/swc-darwin-x64": "12.2.0",
        "@next/swc-freebsd-x64": "12.2.0",
        "@next/swc-linux-arm-gnueabihf": "12.2.0",
        "@next/swc-linux-arm64-gnu": "12.2.0",
        "@next/swc-linux-arm64-musl": "12.2.0",
        "@next/swc-linux-x64-gnu": "12.2.0",
        "@next/swc-linux-x64-musl": "12.2.0",
        "@next/swc-win32-arm64-msvc": "12.2.0",
        "@next/swc-win32-ia32-msvc": "12.2.0",
        "@next/swc-win32-x64-msvc": "12.2.0",
        "@swc/helpers": "0.4.2",
        "caniuse-lite": "^1.0.30001332",
        "postcss": "8.4.5",
        "styled-jsx": "5.0.2",
        "use-sync-external-store": "1.1.0"
      }
    },
    "object-assign": {
      "version": "4.1.1",
      "resolved": "https://registry.npmjs.org/object-assign/-/object-assign-4.1.1.tgz",
      "integrity": "sha512-rJgTQnkUnH1sFw8yT6VSU3zD3sWmu6sZhIseY8VX+GRu3P6F7Fu+JNDoXfklElbLJSnc3FUQHVe4cU5hj+BcUg=="
    },
    "picocolors": {
      "version": "1.0.0",
      "resolved": "https://registry.npmjs.org/picocolors/-/picocolors-1.0.0.tgz",
      "integrity": "sha512-1fygroTLlHu66zi26VoTDv8yRgm0Fccecssto+MhsZ0D/DGW2sm8E8AjW7NU5VVTRt5GxbeZ5qBuJr+HyLYkjQ=="
    },
    "postcss": {
      "version": "8.4.5",
      "resolved": "https://registry.npmjs.org/postcss/-/postcss-8.4.5.tgz",
      "integrity": "sha512-jBDboWM8qpaqwkMwItqTQTiFikhs/67OYVvblFFTM7MrZjt6yMKd6r2kgXizEbTTljacm4NldIlZnhbjr84QYg==",
      "requires": {
        "nanoid": "^3.1.30",
        "picocolors": "^1.0.0",
        "source-map-js": "^1.0.1"
      }
    },
    "prop-types": {
      "version": "15.8.1",
      "resolved": "https://registry.npmjs.org/prop-types/-/prop-types-15.8.1.tgz",
      "integrity": "sha512-oj87CgZICdulUohogVAR7AjlC0327U4el4L6eAvOqCeudMDVU0NThNaV+b9Df4dXgSP1gXMTnPdhfe/2qDH5cg==",
      "requires": {
        "loose-envify": "^1.4.0",
        "object-assign": "^4.1.1",
        "react-is": "^16.13.1"
      }
    },
    "react": {
      "version": "18.2.0",
      "resolved": "https://registry.npmjs.org/react/-/react-18.2.0.tgz",
      "integrity": "sha512-/3IjMdb2L9QbBdWiW5e3P2/npwMBaU9mHCSCUzNln0ZCYbcfTsGbTJrU/kGemdH2IWmB2ioZ+zkxtmq6g09fGQ==",
      "requires": {
        "loose-envify": "^1.1.0"
      }
    },
    "react-dom": {
      "version": "18.2.0",
      "resolved": "https://registry.npmjs.org/react-dom/-/react-dom-18.2.0.tgz",
      "integrity": "sha512-6IMTriUmvsjHUjNtEDudZfuDQUoWXVxKHhlEGSk81n4YFS+r/Kl99wXiwlVXtPBtJenozv2P+hxDsw9eA7Xo6g==",
      "requires": {
        "loose-envify": "^1.1.0",
        "scheduler": "^0.23.0"
      }
    },
    "react-is": {
      "version": "16.13.1",
      "resolved": "https://registry.npmjs.org/react-is/-/react-is-16.13.1.tgz",
      "integrity": "sha512-24e6ynE2H+OKt4kqsOvNd8kBpV65zoxbA4BVsEOB3ARVWQki/DHzaUoC5KuON/BiccDaCCTZBuOcfZs70kR8bQ=="
    },
    "react-spinners": {
      "version": "0.13.3",
      "resolved": "https://registry.npmjs.org/react-spinners/-/react-spinners-0.13.3.tgz",
      "integrity": "sha512-FHQMH6dAl1Vw4Lxv0H7hbGsjBs0aKNVwjGrDJLuD9R/C3h9+IuBhKJOJyCcegxMaLiBSBV96Tp+XV3OwPK8Vtw=="
    },
    "react-svg": {
      "version": "15.1.1",
      "resolved": "https://registry.npmjs.org/react-svg/-/react-svg-15.1.1.tgz",
      "integrity": "sha512-/qUGOJmmna0oG9qHSPPNNc2BMiIq/oRPF0d5TKFV9IaOEop8FhbCmX2wfOnhGfYFithEy7wttY7sj0vchc/LBA==",
      "requires": {
        "@babel/runtime": "^7.18.6",
        "@tanem/svg-injector": "^10.1.26",
        "@types/prop-types": "^15.7.5",
        "prop-types": "^15.8.1"
      }
    },
    "regenerator-runtime": {
      "version": "0.13.9",
      "resolved": "https://registry.npmjs.org/regenerator-runtime/-/regenerator-runtime-0.13.9.tgz",
      "integrity": "sha512-p3VT+cOEgxFsRRA9X4lkI1E+k2/CtnKtU4gcxyaCUreilL/vqI6CdZ3wxVUx3UOUg+gnUOQQcRI7BmSI656MYA=="
    },
    "scheduler": {
      "version": "0.23.0",
      "resolved": "https://registry.npmjs.org/scheduler/-/scheduler-0.23.0.tgz",
      "integrity": "sha512-CtuThmgHNg7zIZWAXi3AsyIzA3n4xx7aNyjwC2VJldO2LMVDhFK+63xGqq6CsJH4rTAt6/M+N4GhZiDYPx9eUw==",
      "requires": {
        "loose-envify": "^1.1.0"
      }
    },
    "source-map-js": {
      "version": "1.0.2",
      "resolved": "https://registry.npmjs.org/source-map-js/-/source-map-js-1.0.2.tgz",
      "integrity": "sha512-R0XvVJ9WusLiqTCEiGCmICCMplcCkIwwR11mOSD9CR5u+IXYdiseeEuXCVAjS54zqwkLcPNnmU4OeJ6tUrWhDw=="
    },
    "styled-jsx": {
      "version": "5.0.2",
      "resolved": "https://registry.npmjs.org/styled-jsx/-/styled-jsx-5.0.2.tgz",
      "integrity": "sha512-LqPQrbBh3egD57NBcHET4qcgshPks+yblyhPlH2GY8oaDgKs8SK4C3dBh3oSJjgzJ3G5t1SYEZGHkP+QEpX9EQ=="
    },
    "tslib": {
      "version": "2.4.0",
      "resolved": "https://registry.npmjs.org/tslib/-/tslib-2.4.0.tgz",
      "integrity": "sha512-d6xOpEDfsi2CZVlPQzGeux8XMwLT9hssAsaPYExaQMuYskwb+x1x7J371tWlbBdWHroy99KnVB6qIkUbs5X3UQ=="
    },
    "use-sync-external-store": {
      "version": "1.1.0",
      "resolved": "https://registry.npmjs.org/use-sync-external-store/-/use-sync-external-store-1.1.0.tgz",
      "integrity": "sha512-SEnieB2FPKEVne66NpXPd1Np4R1lTNKfjuy3XdIoPQKYBAFdzbzSZlSn1KJZUiihQLQC5Znot4SBz1EOTBwQAQ=="
    }
  }
}
